lockfileVersion: 5.3

specifiers:
  '@sunshine-cli-dev/log': file:../../utils/log
  '@sunshine-cli-dev/package': file:../../models/package
  '@sunshine-cli-dev/utils': link:../../utils/utils

dependencies:
  '@sunshine-cli-dev/log': link:../../utils/log
  '@sunshine-cli-dev/package': link:../../models/package
  '@sunshine-cli-dev/utils': link:../../utils/utils
